
Microsoft Visual Studio Solution File, Format Version 12.00
# Visual Studio Version 17
VisualStudioVersion = 17.10.34916.146
MinimumVisualStudioVersion = 10.0.40219.1
Project("{FAE04EC0-301F-11D3-BF4B-00C04F79EFBC}") = "TrialProject.Server", "TrialProject.Server\TrialProject.Server.csproj", "{A502B8DB-9049-4A50-B750-CE15F2A60D76}"
EndProject
Project("{54A90642-561A-4BB1-A94E-469ADEE60C69}") = "trialproject.client", "trialproject.client\trialproject.client.esproj", "{7CDB4C2C-3C59-40B7-84D7-A999A695DD78}"
EndProject
Global
	GlobalSection(SolutionConfigurationPlatforms) = preSolution
		Debug|Any CPU = Debug|Any CPU
		Release|Any CPU = Release|Any CPU
	EndGlobalSection
	GlobalSection(ProjectConfigurationPlatforms) = postSolution
		{A502B8DB-9049-4A50-B750-CE15F2A60D76}.Debug|Any CPU.ActiveCfg = Debug|Any CPU
		{A502B8DB-9049-4A50-B750-CE15F2A60D76}.Debug|Any CPU.Build.0 = Debug|Any CPU
		{A502B8DB-9049-4A50-B750-CE15F2A60D76}.Release|Any CPU.ActiveCfg = Release|Any CPU
		{A502B8DB-9049-4A50-B750-CE15F2A60D76}.Release|Any CPU.Build.0 = Release|Any CPU
		{7CDB4C2C-3C59-40B7-84D7-A999A695DD78}.Debug|Any CPU.ActiveCfg = Debug|Any CPU
		{7CDB4C2C-3C59-40B7-84D7-A999A695DD78}.Debug|Any CPU.Build.0 = Debug|Any CPU
		{7CDB4C2C-3C59-40B7-84D7-A999A695DD78}.Debug|Any CPU.Deploy.0 = Debug|Any CPU
		{7CDB4C2C-3C59-40B7-84D7-A999A695DD78}.Release|Any CPU.ActiveCfg = Release|Any CPU
		{7CDB4C2C-3C59-40B7-84D7-A999A695DD78}.Release|Any CPU.Build.0 = Release|Any CPU
		{7CDB4C2C-3C59-40B7-84D7-A999A695DD78}.Release|Any CPU.Deploy.0 = Release|Any CPU
	EndGlobalSection
	GlobalSection(SolutionProperties) = preSolution
		HideSolutionNode = FALSE
	EndGlobalSection
	GlobalSection(ExtensibilityGlobals) = postSolution
		SolutionGuid = {EBDCA04B-ED00-4892-9B47-5DFCF11FBB49}
	EndGlobalSection
EndGlobal
